
Microsoft Visual Studio Solution File, Format Version 12.00
# Visual Studio Version 16
VisualStudioVersion = 16.0.31729.503
MinimumVisualStudioVersion = 10.0.40219.1
Project("{9A19103F-16F7-4668-BE54-9A1E7A4F7556}") = "MicroRx", "MicroRx\MicroRx.csproj", "{471D2393-0F65-457A-A65D-51AA10285CC8}"
EndProject
Global
	GlobalSection(SolutionConfigurationPlatforms) = preSolution
		Debug|Any CPU = Debug|Any CPU
		Release|Any CPU = Release|Any CPU
	EndGlobalSection
	GlobalSection(ProjectConfigurationPlatforms) = postSolution
		{471D2393-0F65-457A-A65D-51AA10285CC8}.Debug|Any CPU.ActiveCfg = Debug|Any CPU
		{471D2393-0F65-457A-A65D-51AA10285CC8}.Debug|Any CPU.Build.0 = Debug|Any CPU
		{471D2393-0F65-457A-A65D-51AA10285CC8}.Release|Any CPU.ActiveCfg = Release|Any CPU
		{471D2393-0F65-457A-A65D-51AA10285CC8}.Release|Any CPU.Build.0 = Release|Any CPU
	EndGlobalSection
	GlobalSection(SolutionProperties) = preSolution
		HideSolutionNode = FALSE
	EndGlobalSection
	GlobalSection(ExtensibilityGlobals) = postSolution
		SolutionGuid = {A2A0EFE4-B86A-4D9F-9027-1F10EF8E0B94}
	EndGlobalSection
EndGlobal
